
Microsoft Visual Studio Solution File, Format Version 12.00
# Visual Studio Version 16
VisualStudioVersion = 16.0.30717.126
MinimumVisualStudioVersion = 10.0.40219.1
Project("{FAE04EC0-301F-11D3-BF4B-00C04F79EFBC}") = "SnakeCaseDemo", "SnakeCaseDemo\SnakeCaseDemo.csproj", "{EB8259D9-F74E-4BDB-9AA6-DDD3B7E165BB}"
EndProject
Global
	GlobalSection(SolutionConfigurationPlatforms) = preSolution
		Debug|Any CPU = Debug|Any CPU
		Release|Any CPU = Release|Any CPU
	EndGlobalSection
	GlobalSection(ProjectConfigurationPlatforms) = postSolution
		{EB8259D9-F74E-4BDB-9AA6-DDD3B7E165BB}.Debug|Any CPU.ActiveCfg = Debug|Any CPU
		{EB8259D9-F74E-4BDB-9AA6-DDD3B7E165BB}.Debug|Any CPU.Build.0 = Debug|Any CPU
		{EB8259D9-F74E-4BDB-9AA6-DDD3B7E165BB}.Release|Any CPU.ActiveCfg = Release|Any CPU
		{EB8259D9-F74E-4BDB-9AA6-DDD3B7E165BB}.Release|Any CPU.Build.0 = Release|Any CPU
	EndGlobalSection
	GlobalSection(SolutionProperties) = preSolution
		HideSolutionNode = FALSE
	EndGlobalSection
	GlobalSection(ExtensibilityGlobals) = postSolution
		SolutionGuid = {AA8966CE-F505-4FF5-ACDE-A7E8CF36DC25}
	EndGlobalSection
EndGlobal
